
Microsoft Visual Studio Solution File, Format Version 12.00
# Visual Studio Version 17
VisualStudioVersion = 17.0.31903.59
MinimumVisualStudioVersion = 10.0.40219.1
Project("{2150E333-8FDC-42A3-9474-1A3956D46DE8}") = "src", "src", "{2A8914BF-1360-4F4F-B8EC-6ABE13B55B05}"
EndProject
Project("{9A19103F-16F7-4668-BE54-9A1E7A4F7556}") = "AuctionService", "src\AuctionService\AuctionService.csproj", "{F65B3E59-4281-4266-8F50-85A71779A24D}"
EndProject
Project("{9A19103F-16F7-4668-BE54-9A1E7A4F7556}") = "SearchService", "src\SearchService\SearchService.csproj", "{7D9279D1-4523-4B4D-AB54-8C1D70D2AB98}"
	ProjectSection(ProjectDependencies) = postProject
		{F65B3E59-4281-4266-8F50-85A71779A24D} = {F65B3E59-4281-4266-8F50-85A71779A24D}
	EndProjectSection
EndProject
Project("{9A19103F-16F7-4668-BE54-9A1E7A4F7556}") = "Contracts", "src\Contracts\Contracts.csproj", "{5302658F-DC45-4EC5-9EA9-D5CA0802C9E5}"
EndProject
Project("{9A19103F-16F7-4668-BE54-9A1E7A4F7556}") = "IdentityService", "src\IdentityService\IdentityService.csproj", "{30D4A6EF-BF91-4775-8BE1-64AC3886F763}"
	ProjectSection(ProjectDependencies) = postProject
		{7D9279D1-4523-4B4D-AB54-8C1D70D2AB98} = {7D9279D1-4523-4B4D-AB54-8C1D70D2AB98}
		{F65B3E59-4281-4266-8F50-85A71779A24D} = {F65B3E59-4281-4266-8F50-85A71779A24D}
	EndProjectSection
EndProject
Project("{2150E333-8FDC-42A3-9474-1A3956D46DE8}") = "Contracts", "Contracts", "{47D3F3DA-EC71-47B8-8342-00AC5E81A884}"
EndProject
Global
	GlobalSection(SolutionConfigurationPlatforms) = preSolution
		Debug|Any CPU = Debug|Any CPU
		Release|Any CPU = Release|Any CPU
	EndGlobalSection
	GlobalSection(ProjectConfigurationPlatforms) = postSolution
		{F65B3E59-4281-4266-8F50-85A71779A24D}.Debug|Any CPU.ActiveCfg = Debug|Any CPU
		{F65B3E59-4281-4266-8F50-85A71779A24D}.Debug|Any CPU.Build.0 = Debug|Any CPU
		{F65B3E59-4281-4266-8F50-85A71779A24D}.Release|Any CPU.ActiveCfg = Release|Any CPU
		{F65B3E59-4281-4266-8F50-85A71779A24D}.Release|Any CPU.Build.0 = Release|Any CPU
		{7D9279D1-4523-4B4D-AB54-8C1D70D2AB98}.Debug|Any CPU.ActiveCfg = Debug|Any CPU
		{7D9279D1-4523-4B4D-AB54-8C1D70D2AB98}.Debug|Any CPU.Build.0 = Debug|Any CPU
		{7D9279D1-4523-4B4D-AB54-8C1D70D2AB98}.Release|Any CPU.ActiveCfg = Release|Any CPU
		{7D9279D1-4523-4B4D-AB54-8C1D70D2AB98}.Release|Any CPU.Build.0 = Release|Any CPU
		{5302658F-DC45-4EC5-9EA9-D5CA0802C9E5}.Debug|Any CPU.ActiveCfg = Debug|Any CPU
		{5302658F-DC45-4EC5-9EA9-D5CA0802C9E5}.Debug|Any CPU.Build.0 = Debug|Any CPU
		{5302658F-DC45-4EC5-9EA9-D5CA0802C9E5}.Release|Any CPU.ActiveCfg = Release|Any CPU
		{5302658F-DC45-4EC5-9EA9-D5CA0802C9E5}.Release|Any CPU.Build.0 = Release|Any CPU
		{30D4A6EF-BF91-4775-8BE1-64AC3886F763}.Debug|Any CPU.ActiveCfg = Debug|Any CPU
		{30D4A6EF-BF91-4775-8BE1-64AC3886F763}.Debug|Any CPU.Build.0 = Debug|Any CPU
		{30D4A6EF-BF91-4775-8BE1-64AC3886F763}.Release|Any CPU.ActiveCfg = Release|Any CPU
		{30D4A6EF-BF91-4775-8BE1-64AC3886F763}.Release|Any CPU.Build.0 = Release|Any CPU
	EndGlobalSection
	GlobalSection(SolutionProperties) = preSolution
		HideSolutionNode = FALSE
	EndGlobalSection
	GlobalSection(NestedProjects) = preSolution
		{F65B3E59-4281-4266-8F50-85A71779A24D} = {2A8914BF-1360-4F4F-B8EC-6ABE13B55B05}
		{7D9279D1-4523-4B4D-AB54-8C1D70D2AB98} = {2A8914BF-1360-4F4F-B8EC-6ABE13B55B05}
		{5302658F-DC45-4EC5-9EA9-D5CA0802C9E5} = {47D3F3DA-EC71-47B8-8342-00AC5E81A884}
		{30D4A6EF-BF91-4775-8BE1-64AC3886F763} = {2A8914BF-1360-4F4F-B8EC-6ABE13B55B05}
		{47D3F3DA-EC71-47B8-8342-00AC5E81A884} = {2A8914BF-1360-4F4F-B8EC-6ABE13B55B05}
	EndGlobalSection
	GlobalSection(ExtensibilityGlobals) = postSolution
		SolutionGuid = {5FB5EA65-2383-496D-B679-F2906614C771}
	EndGlobalSection
EndGlobal
